PODS:
  - file_selector_macos (0.0.1):
    - FlutterMacOS
  - Firebase/CoreOnly (12.9.0):
    - FirebaseCore (~> 12.9.0)
  - Firebase/MLModelDownloader (12.9.0):
    - Firebase/CoreOnly
    - FirebaseMLModelDownloader (~> 12.9.0-beta)
  - firebase_core (4.5.0):
    - Firebase/CoreOnly (~> 12.9.0)
    - FlutterMacOS
  - firebase_ml_model_downloader (0.4.0-7):
    - Firebase/CoreOnly (~> 12.9.0)
    - Firebase/MLModelDownloader (= 12.9.0)
    - firebase_core
    - FlutterMacOS
  - FirebaseCore (12.9.0):
    - FirebaseCoreInternal (~> 12.9.0)
    - GoogleUtilities/Environment (~> 8.1)
    - GoogleUtilities/Logger (~> 8.1)
  - FirebaseCoreExtension (12.9.0):
    - FirebaseCore (~> 12.9.0)
  - FirebaseCoreInternal (12.9.0):
    - "GoogleUtilities/NSData+zlib (~> 8.1)"
  - FirebaseInstallations (12.9.0):
    - FirebaseCore (~> 12.9.0)
    - GoogleUtilities/Environment (~> 8.1)
    - GoogleUtilities/UserDefaults (~> 8.1)
    - PromisesObjC (~> 2.4)
  - FirebaseMLModelDownloader (12.9.0-beta):
    - FirebaseCore (~> 12.9.0)
    - FirebaseCoreExtension (~> 12.9.0)
    - FirebaseInstallations (~> 12.9.0)
    - GoogleUtilities/UserDefaults (~> 8.1)
  - FlutterMacOS (1.0.0)
  - GoogleUtilities/Environment (8.1.0):
    - GoogleUtilities/Privacy
  - GoogleUtilities/Logger (8.1.0):
    - GoogleUtilities/Environment
    - GoogleUtilities/Privacy
  - "GoogleUtilities/NSData+zlib (8.1.0)":
    - GoogleUtilities/Privacy
  - GoogleUtilities/Privacy (8.1.0)
  - GoogleUtilities/UserDefaults (8.1.0):
    - GoogleUtilities/Logger
    - GoogleUtilities/Privacy
  - PromisesObjC (2.4.0)
  - tflite_flutter (0.0.1):
    - FlutterMacOS

DEPENDENCIES:
  - file_selector_macos (from `Flutter/ephemeral/.symlinks/plugins/file_selector_macos/macos`)
  - firebase_core (from `Flutter/ephemeral/.symlinks/plugins/firebase_core/macos`)
  - firebase_ml_model_downloader (from `Flutter/ephemeral/.symlinks/plugins/firebase_ml_model_downloader/macos`)
  - FlutterMacOS (from `Flutter/ephemeral`)
  - tflite_flutter (from `Flutter/ephemeral/.symlinks/plugins/tflite_flutter/macos`)

SPEC REPOS:
  trunk:
    - Firebase
    - FirebaseCore
    - FirebaseCoreExtension
    - FirebaseCoreInternal
    - FirebaseInstallations
    - FirebaseMLModelDownloader
    - GoogleUtilities
    - PromisesObjC

EXTERNAL SOURCES:
  file_selector_macos:
    :path: Flutter/ephemeral/.symlinks/plugins/file_selector_macos/macos
  firebase_core:
    :path: Flutter/ephemeral/.symlinks/plugins/firebase_core/macos
  firebase_ml_model_downloader:
    :path: Flutter/ephemeral/.symlinks/plugins/firebase_ml_model_downloader/macos
  FlutterMacOS:
    :path: Flutter/ephemeral
  tflite_flutter:
    :path: Flutter/ephemeral/.symlinks/plugins/tflite_flutter/macos

SPEC CHECKSUMS:
  file_selector_macos: 9e9e068e90ebee155097d00e89ae91edb2374db7
  Firebase: 065f2bb395062046623036d8e6dc857bc2521d56
  firebase_core: c74b220e9288decea6bed17399c249734a7e76d2
  firebase_ml_model_downloader: 9015490aedba7131411dcebd697b17cc414aa7ae
  FirebaseCore: 428912f751178b06bef0a1793effeb4a5e09a9b8
  FirebaseCoreExtension: e911052d59cd0da237a45d706fc0f81654f035c1
  FirebaseCoreInternal: b321eafae5362113bc182956fafc9922cfc77b72
  FirebaseInstallations: 7b64ffd006032b2b019a59b803858df5112d9eaa
  FirebaseMLModelDownloader: 405bc54f931125b6086182c2097fb26946a15d6c
  FlutterMacOS: d0db08ddef1a9af05a5ec4b724367152bb0500b1
  GoogleUtilities: 00c88b9a86066ef77f0da2fab05f65d7768ed8e1
  PromisesObjC: f5707f49cb48b9636751c5b2e7d227e43fba9f47
  tflite_flutter: d1496f2e968aa5a142fb282da8f5d754fcee5613

PODFILE CHECKSUM: 54d867c82ac51cbd61b565781b9fada492027009

COCOAPODS: 1.16.2
